<?xml version="1.0" encoding="utf-8"?>
<Project ToolsVersion="4.0" xmlns="http://schemas.microsoft.com/developer/msbuild/2003">
  <ItemGroup>
    <Filter Include="Исходные файлы">
      <UniqueIdentifier>{4FC737F1-C7A5-4376-A066-2A32D752A2FF}</UniqueIdentifier>
      <Extensions>cpp;c;cc;cxx;def;odl;idl;hpj;bat;asm;asmx</Extensions>
    </Filter>
    <Filter Include="Файлы заголовков">
      <UniqueIdentifier>{93995380-89BD-4b04-88EB-625FBE52EBFB}</UniqueIdentifier>
      <Extensions>h;hh;hpp;hxx;hm;inl;inc;ipp;xsd</Extensions>
    </Filter>
    <Filter Include="Файлы ресурсов">
      <UniqueIdentifier>{67DA6AB6-F800-4c08-8B7A-83BB121AAD01}</UniqueIdentifier>
      <Extensions>rc;ico;cur;bmp;dlg;rc2;rct;bin;rgs;gif;jpg;jpeg;jpe;resx;tiff;tif;png;wav;mfcribbon-ms</Extensions>
    </Filter>
    <Filter Include="Файлы заголовков\iterators">
      <UniqueIdentifier>{64a70db7-a75c-4b3a-badf-cb35e3237da6}</UniqueIdentifier>
    </Filter>
    <Filter Include="Файлы заголовков\iterators\behaviours">
      <UniqueIdentifier>{83f1e4fc-f6ef-4490-af1f-03c417a2538e}</UniqueIdentifier>
    </Filter>
  </ItemGroup>
  <ItemGroup>
    <ClInclude Include="double-linked-list.h">
      <Filter>Файлы заголовков</Filter>
    </ClInclude>
    <ClInclude Include="list-behaviour.h">
      <Filter>Файлы заголовков</Filter>
    </ClInclude>
    <ClInclude Include="unidirectional-constant-iterator.h">
      <Filter>Файлы заголовков\iterators</Filter>
    </ClInclude>
    <ClInclude Include="unidirectional-iterator.h">
      <Filter>Файлы заголовков\iterators</Filter>
    </ClInclude>
    <ClInclude Include="bidirectional-iterator.h">
      <Filter>Файлы заголовков\iterators</Filter>
    </ClInclude>
    <ClInclude Include="bidirectional-constant-iterator.h">
      <Filter>Файлы заголовков\iterators</Filter>
    </ClInclude>
    <ClInclude Include="unidirectional-iterator-behaviour.h">
      <Filter>Файлы заголовков\iterators\behaviours</Filter>
    </ClInclude>
    <ClInclude Include="bidirectional-iterator-behaviour.h">
      <Filter>Файлы заголовков\iterators\behaviours</Filter>
    </ClInclude>
    <ClInclude Include="single-linked-list.h">
      <Filter>Файлы заголовков</Filter>
    </ClInclude>
    <ClInclude Include="queue.h">
      <Filter>Файлы заголовков</Filter>
    </ClInclude>
  </ItemGroup>
  <ItemGroup>
    <ClCompile Include="main.cc">
      <Filter>Исходные файлы</Filter>
    </ClCompile>
  </ItemGroup>
</Project>